
Microsoft Visual Studio Solution File, Format Version 12.00
# Visual Studio Version 17
VisualStudioVersion = 17.3.32901.215
MinimumVisualStudioVersion = 10.0.40219.1
Project("{FAE04EC0-301F-11D3-BF4B-00C04F79EFBC}") = "BinarySearchTree", "BinarySearchTree.csproj", "{C795D236-2072-4E20-B030-674E00D26E67}"
EndProject
Global
	GlobalSection(SolutionConfigurationPlatforms) = preSolution
		Debug|Any CPU = Debug|Any CPU
		Release|Any CPU = Release|Any CPU
	EndGlobalSection
	GlobalSection(ProjectConfigurationPlatforms) = postSolution
		{C795D236-2072-4E20-B030-674E00D26E67}.Debug|Any CPU.ActiveCfg = Debug|Any CPU
		{C795D236-2072-4E20-B030-674E00D26E67}.Debug|Any CPU.Build.0 = Debug|Any CPU
		{C795D236-2072-4E20-B030-674E00D26E67}.Release|Any CPU.ActiveCfg = Release|Any CPU
		{C795D236-2072-4E20-B030-674E00D26E67}.Release|Any CPU.Build.0 = Release|Any CPU
	EndGlobalSection
	GlobalSection(SolutionProperties) = preSolution
		HideSolutionNode = FALSE
	EndGlobalSection
	GlobalSection(ExtensibilityGlobals) = postSolution
		SolutionGuid = {86246132-BF33-4F4B-AAB8-D39AC09E2C9E}
	EndGlobalSection
EndGlobal
